// !$*UTF8*$!
{
	archiveVersion = 1;
	classes = {
	};
	objectVersion = 46;
	objects = {

/* Begin PBXBuildFile section */
		F6AAED531B0BAC9900D2E31E /* main.m in Sources */ = {isa = PBXBuildFile; fileRef = F6AAED521B0BAC9900D2E31E /* main.m */; };
		F6AAED561B0BAC9900D2E31E /* AppDelegate.m in Sources */ = {isa = PBXBuildFile; fileRef = F6AAED551B0BAC9900D2E31E /* AppDelegate.m */; };
		F6AAED591B0BAC9900D2E31E /* ViewController.m in Sources */ = {isa = PBXBuildFile; fileRef = F6AAED581B0BAC9900D2E31E /* ViewController.m */; };
		F6AAED5C1B0BAC9900D2E31E /* Main.storyboard in Resources */ = {isa = PBXBuildFile; fileRef = F6AAED5A1B0BAC9900D2E31E /* Main.storyboard */; };
		F6AAED5E1B0BAC9900D2E31E /* Images.xcassets in Resources */ = {isa = PBXBuildFile; fileRef = F6AAED5D1B0BAC9900D2E31E /* Images.xcassets */; };
		F6AAED611B0BAC9900D2E31E /* LaunchScreen.xib in Resources */ = {isa = PBXBuildFile; fileRef = F6AAED5F1B0BAC9900D2E31E /* LaunchScreen.xib */; };
		F6AAED6D1B0BAC9900D2E31E /* SunAndMoonTests.m in Sources */ = {isa = PBXBuildFile; fileRef = F6AAED6C1B0BAC9900D2E31E /* SunAndMoonTests.m */; };
/* End PBXBuildFile section */

/* Begin PBXContainerItemProxy section */
		F6AAED671B0BAC9900D2E31E /* PBXContainerItemProxy */ = {
			isa = PBXContainerItemProxy;
			containerPortal = F6AAED451B0BAC9900D2E31E /* Project object */;
			proxyType = 1;
			remoteGlobalIDString = F6AAED4C1B0BAC9900D2E31E;
			remoteInfo = SunAndMoon;
		};
/* End PBXContainerItemProxy section */

/* Begin PBXFileReference section */
		F6AAED4D1B0BAC9900D2E31E /* SunAndMoon.app */ = {isa = PBXFileReference; explicitFileType = wrapper.application; includeInIndex = 0; path = SunAndMoon.app; sourceTree = BUILT_PRODUCTS_DIR; };
		F6AAED511B0BAC9900D2E31E /* Info.plist */ = {isa = PBXFileReference; lastKnownFileType = text.plist.xml; path = Info.plist; sourceTree = "<group>"; };
		F6AAED521B0BAC9900D2E31E /* main.m */ = {isa = PBXFileReference; lastKnownFileType = sourcecode.c.objc; path = main.m; sourceTree = "<group>"; };
		F6AAED541B0BAC9900D2E31E /* AppDelegate.h */ = {isa = PBXFileReference; lastKnownFileType = sourcecode.c.h; path = AppDelegate.h; sourceTree = "<group>"; };
		F6AAED551B0BAC9900D2E31E /* AppDelegate.m */ = {isa = PBXFileReference; lastKnownFileType = sourcecode.c.objc; path = AppDelegate.m; sourceTree = "<group>"; };
		F6AAED571B0BAC9900D2E31E /* ViewController.h */ = {isa = PBXFileReference; lastKnownFileType = sourcecode.c.h; path = ViewController.h; sourceTree = "<group>"; };
		F6AAED581B0BAC9900D2E31E /* ViewController.m */ = {isa = PBXFileReference; lastKnownFileType = sourcecode.c.objc; path = ViewController.m; sourceTree = "<group>"; };
		F6AAED5B1B0BAC9900D2E31E /* Base */ = {isa = PBXFileReference; lastKnownFileType = file.storyboard; name = Base; path = Base.lproj/Main.storyboard; sourceTree = "<group>"; };
		F6AAED5D1B0BAC9900D2E31E /* Images.xcassets */ = {isa = PBXFileReference; lastKnownFileType = folder.assetcatalog; path = Images.xcassets; sourceTree = "<group>"; };
		F6AAED601B0BAC9900D2E31E /* Base */ = {isa = PBXFileReference; lastKnownFileType = file.xib; name = Base; path = Base.lproj/LaunchScreen.xib; sourceTree = "<group>"; };
		F6AAED661B0BAC9900D2E31E /* SunAndMoonTests.xctest */ = {isa = PBXFileReference; explicitFileType = wrapper.cfbundle; includeInIndex = 0; path = SunAndMoonTests.xctest; sourceTree = BUILT_PRODUCTS_DIR; };
		F6AAED6B1B0BAC9900D2E31E /* Info.plist */ = {isa = PBXFileReference; lastKnownFileType = text.plist.xml; path = Info.plist; sourceTree = "<group>"; };
		F6AAED6C1B0BAC9900D2E31E /* SunAndMoonTests.m */ = {isa = PBXFileReference; lastKnownFileType = sourcecode.c.objc; path = SunAndMoonTests.m; sourceTree = "<group>"; };
/* End PBXFileReference section */

/* Begin PBXFrameworksBuildPhase section */
		F6AAED4A1B0BAC9900D2E31E /* Frameworks */ = {
			isa = PBXFrameworksBuildPhase;
			buildActionMask = 2147483647;
			files = (
			);
			runOnlyForDeploymentPostprocessing = 0;
		};
		F6AAED631B0BAC9900D2E31E /* Frameworks */ = {
			isa = PBXFrameworksBuildPhase;
			buildActionMask = 2147483647;
			files = (
			);
			runOnlyForDeploymentPostprocessing = 0;
		};
/* End PBXFrameworksBuildPhase section */

/* Begin PBXGroup section */
		F6AAED441B0BAC9900D2E31E = {
			isa = PBXGroup;
			children = (
				F6AAED4F1B0BAC9900D2E31E /* SunAndMoon */,
				F6AAED691B0BAC9900D2E31E /* SunAndMoonTests */,
				F6AAED4E1B0BAC9900D2E31E /* Products */,
			);
			sourceTree = "<group>";
		};
		F6AAED4E1B0BAC9900D2E31E /* Products */ = {
			isa = PBXGroup;
			children = (
				F6AAED4D1B0BAC9900D2E31E /* SunAndMoon.app */,
				F6AAED661B0BAC9900D2E31E /* SunAndMoonTests.xctest */,
			);
			name = Products;
			sourceTree = "<group>";
		};
		F6AAED4F1B0BAC9900D2E31E /* SunAndMoon */ = {
			isa = PBXGroup;
			children = (
				F6AAED541B0BAC9900D2E31E /* AppDelegate.h */,
				F6AAED551B0BAC9900D2E31E /* AppDelegate.m */,
				F6AAED571B0BAC9900D2E31E /* ViewController.h */,
				F6AAED581B0BAC9900D2E31E /* ViewController.m */,
				F6AAED5A1B0BAC9900D2E31E /* Main.storyboard */,
				F6AAED5D1B0BAC9900D2E31E /* Images.xcassets */,
				F6AAED5F1B0BAC9900D2E31E /* LaunchScreen.xib */,
				F6AAED501B0BAC9900D2E31E /* Supporting Files */,
			);
			path = SunAndMoon;
			sourceTree = "<group>";
		};
		F6AAED501B0BAC9900D2E31E /* Supporting Files */ = {
			isa = PBXGroup;
			children = (
				F6AAED511B0BAC9900D2E31E /* Info.plist */,
				F6AAED521B0BAC9900D2E31E /* main.m */,
			);
			name = "Supporting Files";
			sourceTree = "<group>";
		};
		F6AAED691B0BAC9900D2E31E /* SunAndMoonTests */ = {
			isa = PBXGroup;
			children = (
				F6AAED6C1B0BAC9900D2E31E /* SunAndMoonTests.m */,
				F6AAED6A1B0BAC9900D2E31E /* Supporting Files */,
			);
			path = SunAndMoonTests;
			sourceTree = "<group>";
		};
		F6AAED6A1B0BAC9900D2E31E /* Supporting Files */ = {
			isa = PBXGroup;
			children = (
				F6AAED6B1B0BAC9900D2E31E /* Info.plist */,
			);
			name = "Supporting Files";
			sourceTree = "<group>";
		};
/* End PBXGroup section */

/* Begin PBXNativeTarget section */
		F6AAED4C1B0BAC9900D2E31E /* SunAndMoon */ = {
			isa = PBXNativeTarget;
			buildConfigurationList = F6AAED701B0BAC9900D2E31E /* Build configuration list for PBXNativeTarget "SunAndMoon" */;
			buildPhases = (
				F6AAED491B0BAC9900D2E31E /* Sources */,
				F6AAED4A1B0BAC9900D2E31E /* Frameworks */,
				F6AAED4B1B0BAC9900D2E31E /* Resources */,
			);
			buildRules = (
			);
			dependencies = (
			);
			name = SunAndMoon;
			productName = SunAndMoon;
			productReference = F6AAED4D1B0BAC9900D2E31E /* SunAndMoon.app */;
			productType = "com.apple.product-type.application";
		};
		F6AAED651B0BAC9900D2E31E /* SunAndMoonTests */ = {
			isa = PBXNativeTarget;
			buildConfigurationList = F6AAED731B0BAC9900D2E31E /* Build configuration list for PBXNativeTarget "SunAndMoonTests" */;
			buildPhases = (
				F6AAED621B0BAC9900D2E31E /* Sources */,
				F6AAED631B0BAC9900D2E31E /* Frameworks */,
				F6AAED641B0BAC9900D2E31E /* Resources */,
			);
			buildRules = (
			);
			dependencies = (
				F6AAED681B0BAC9900D2E31E /* PBXTargetDependency */,
			);
			name = SunAndMoonTests;
			productName = SunAndMoonTests;
			productReference = F6AAED661B0BAC9900D2E31E /* SunAndMoonTests.xctest */;
			productType = "com.apple.product-type.bundle.unit-test";
		};
/* End PBXNativeTarget section */

/* Begin PBXProject section */
		F6AAED451B0BAC9900D2E31E /* Project object */ = {
			isa = PBXProject;
			attributes = {
				LastUpgradeCheck = 0630;
				ORGANIZATIONNAME = QuanTH;
				TargetAttributes = {
					F6AAED4C1B0BAC9900D2E31E = {
						CreatedOnToolsVersion = 6.3;
					};
					F6AAED651B0BAC9900D2E31E = {
						CreatedOnToolsVersion = 6.3;
						TestTargetID = F6AAED4C1B0BAC9900D2E31E;
					};
				};
			};
			buildConfigurationList = F6AAED481B0BAC9900D2E31E /* Build configuration list for PBXProject "SunAndMoon" */;
			compatibilityVersion = "Xcode 3.2";
			developmentRegion = English;
			hasScannedForEncodings = 0;
			knownRegions = (
				en,
				Base,
			);
			mainGroup = F6AAED441B0BAC9900D2E31E;
			productRefGroup = F6AAED4E1B0BAC9900D2E31E /* Products */;
			projectDirPath = "";
			projectRoot = "";
			targets = (
				F6AAED4C1B0BAC9900D2E31E /* SunAndMoon */,
				F6AAED651B0BAC9900D2E31E /* SunAndMoonTests */,
			);
		};
/* End PBXProject section */

/* Begin PBXResourcesBuildPhase section */
		F6AAED4B1B0BAC9900D2E31E /* Resources */ = {
			isa = PBXResourcesBuildPhase;
			buildActionMask = 2147483647;
			files = (
				F6AAED5C1B0BAC9900D2E31E /* Main.storyboard in Resources */,
				F6AAED611B0BAC9900D2E31E /* LaunchScreen.xib in Resources */,
				F6AAED5E1B0BAC9900D2E31E /* Images.xcassets in Resources */,
			);
			runOnlyForDeploymentPostprocessing = 0;
		};
		F6AAED641B0BAC9900D2E31E /* Resources */ = {
			isa = PBXResourcesBuildPhase;
			buildActionMask = 2147483647;
			files = (
			);
			runOnlyForDeploymentPostprocessing = 0;
		};
/* End PBXResourcesBuildPhase section */

/* Begin PBXSourcesBuildPhase section */
		F6AAED491B0BAC9900D2E31E /* Sources */ = {
			isa = PBXSourcesBuildPhase;
			buildActionMask = 2147483647;
			files = (
				F6AAED591B0BAC9900D2E31E /* ViewController.m in Sources */,
				F6AAED561B0BAC9900D2E31E /* AppDelegate.m in Sources */,
				F6AAED531B0BAC9900D2E31E /* main.m in Sources */,
			);
			runOnlyForDeploymentPostprocessing = 0;
		};
		F6AAED621B0BAC9900D2E31E /* Sources */ = {
			isa = PBXSourcesBuildPhase;
			buildActionMask = 2147483647;
			files = (
				F6AAED6D1B0BAC9900D2E31E /* SunAndMoonTests.m in Sources */,
			);
			runOnlyForDeploymentPostprocessing = 0;
		};
/* End PBXSourcesBuildPhase section */

/* Begin PBXTargetDependency section */
		F6AAED681B0BAC9900D2E31E /* PBXTargetDependency */ = {
			isa = PBXTargetDependency;
			target = F6AAED4C1B0BAC9900D2E31E /* SunAndMoon */;
			targetProxy = F6AAED671B0BAC9900D2E31E /* PBXContainerItemProxy */;
		};
/* End PBXTargetDependency section */

/* Begin PBXVariantGroup section */
		F6AAED5A1B0BAC9900D2E31E /* Main.storyboard */ = {
			isa = PBXVariantGroup;
			children = (
				F6AAED5B1B0BAC9900D2E31E /* Base */,
			);
			name = Main.storyboard;
			sourceTree = "<group>";
		};
		F6AAED5F1B0BAC9900D2E31E /* LaunchScreen.xib */ = {
			isa = PBXVariantGroup;
			children = (
				F6AAED601B0BAC9900D2E31E /* Base */,
			);
			name = LaunchScreen.xib;
			sourceTree = "<group>";
		};
/* End PBXVariantGroup section */

/* Begin XCBuildConfiguration section */
		F6AAED6E1B0BAC9900D2E31E /* Debug */ = {
			isa = XCBuildConfiguration;
			buildSettings = {
				ALWAYS_SEARCH_USER_PATHS = NO;
				CLANG_CXX_LANGUAGE_STANDARD = "gnu++0x";
				CLANG_CXX_LIBRARY = "libc++";
				CLANG_ENABLE_MODULES = YES;
				CLANG_ENABLE_OBJC_ARC = YES;
				CLANG_WARN_BOOL_CONVERSION = YES;
				CLANG_WARN_CONSTANT_CONVERSION = YES;
				CLANG_WARN_DIRECT_OBJC_ISA_USAGE = YES_ERROR;
				CLANG_WARN_EMPTY_BODY = YES;
				CLANG_WARN_ENUM_CONVERSION = YES;
				CLANG_WARN_INT_CONVERSION = YES;
				CLANG_WARN_OBJC_ROOT_CLASS = YES_ERROR;
				CLANG_WARN_UNREACHABLE_CODE = YES;
				CLANG_WARN__DUPLICATE_METHOD_MATCH = YES;
				"CODE_SIGN_IDENTITY[sdk=iphoneos*]" = "iPhone Developer";
				COPY_PHASE_STRIP = NO;
				DEBUG_INFORMATION_FORMAT = "dwarf-with-dsym";
				ENABLE_STRICT_OBJC_MSGSEND = YES;
				GCC_C_LANGUAGE_STANDARD = gnu99;
				GCC_DYNAMIC_NO_PIC = NO;
				GCC_NO_COMMON_BLOCKS = YES;
				GCC_OPTIMIZATION_LEVEL = 0;
				GCC_PREPROCESSOR_DEFINITIONS = (
					"DEBUG=1",
					"$(inherited)",
				);
				GCC_SYMBOLS_PRIVATE_EXTERN = NO;
				GCC_WARN_64_TO_32_BIT_CONVERSION = YES;
				GCC_WARN_ABOUT_RETURN_TYPE = YES_ERROR;
				GCC_WARN_UNDECLARED_SELECTOR = YES;
				GCC_WARN_UNINITIALIZED_AUTOS = YES_AGGRESSIVE;
				GCC_WARN_UNUSED_FUNCTION = YES;
				GCC_WARN_UNUSED_VARIABLE = YES;
				IPHONEOS_DEPLOYMENT_TARGET = 8.3;
				MTL_ENABLE_DEBUG_INFO = YES;
				ONLY_ACTIVE_ARCH = YES;
				SDKROOT = iphoneos;
				TARGETED_DEVICE_FAMILY = "1,2";
			};
			name = Debug;
		};
		F6AAED6F1B0BAC9900D2E31E /* Release */ = {
			isa = XCBuildConfiguration;
			buildSettings = {
				ALWAYS_SEARCH_USER_PATHS = NO;
				CLANG_CXX_LANGUAGE_STANDARD = "gnu++0x";
				CLANG_CXX_LIBRARY = "libc++";
				CLANG_ENABLE_MODULES = YES;
				CLANG_ENABLE_OBJC_ARC = YES;
				CLANG_WARN_BOOL_CONVERSION = YES;
				CLANG_WARN_CONSTANT_CONVERSION = YES;
				CLANG_WARN_DIRECT_OBJC_ISA_USAGE = YES_ERROR;
				CLANG_WARN_EMPTY_BODY = YES;
				CLANG_WARN_ENUM_CONVERSION = YES;
				CLANG_WARN_INT_CONVERSION = YES;
				CLANG_WARN_OBJC_ROOT_CLASS = YES_ERROR;
				CLANG_WARN_UNREACHABLE_CODE = YES;
				CLANG_WARN__DUPLICATE_METHOD_MATCH = YES;
				"CODE_SIGN_IDENTITY[sdk=iphoneos*]" = "iPhone Developer";
				COPY_PHASE_STRIP = NO;
				DEBUG_INFORMATION_FORMAT = "dwarf-with-dsym";
				ENABLE_NS_ASSERTIONS = NO;
				ENABLE_STRICT_OBJC_MSGSEND = YES;
				GCC_C_LANGUAGE_STANDARD = gnu99;
				GCC_NO_COMMON_BLOCKS = YES;
				GCC_WARN_64_TO_32_BIT_CONVERSION = YES;
				GCC_WARN_ABOUT_RETURN_TYPE = YES_ERROR;
				GCC_WARN_UNDECLARED_SELECTOR = YES;
				GCC_WARN_UNINITIALIZED_AUTOS = YES_AGGRESSIVE;
				GCC_WARN_UNUSED_FUNCTION = YES;
				GCC_WARN_UNUSED_VARIABLE = YES;
				IPHONEOS_DEPLOYMENT_TARGET = 8.3;
				MTL_ENABLE_DEBUG_INFO = NO;
				SDKROOT = iphoneos;
				TARGETED_DEVICE_FAMILY = "1,2";
				VALIDATE_PRODUCT = YES;
			};
			name = Release;
		};
		F6AAED711B0BAC9900D2E31E /* Debug */ = {
			isa = XCBuildConfiguration;
			buildSettings = {
				ASSETCATALOG_COMPILER_APPICON_NAME = AppIcon;
				INFOPLIST_FILE = SunAndMoon/Info.plist;
				LD_RUNPATH_SEARCH_PATHS = "$(inherited) @executable_path/Frameworks";
				PRODUCT_NAME = "$(TARGET_NAME)";
			};
			name = Debug;
		};
		F6AAED721B0BAC9900D2E31E /* Release */ = {
			isa = XCBuildConfiguration;
			buildSettings = {
				ASSETCATALOG_COMPILER_APPICON_NAME = AppIcon;
				INFOPLIST_FILE = SunAndMoon/Info.plist;
				LD_RUNPATH_SEARCH_PATHS = "$(inherited) @executable_path/Frameworks";
				PRODUCT_NAME = "$(TARGET_NAME)";
			};
			name = Release;
		};
		F6AAED741B0BAC9900D2E31E /* Debug */ = {
			isa = XCBuildConfiguration;
			buildSettings = {
				BUNDLE_LOADER = "$(TEST_HOST)";
				FRAMEWORK_SEARCH_PATHS = (
					"$(SDKROOT)/Developer/Library/Frameworks",
					"$(inherited)",
				);
				GCC_PREPROCESSOR_DEFINITIONS = (
					"DEBUG=1",
					"$(inherited)",
				);
				INFOPLIST_FILE = SunAndMoonTests/Info.plist;
				LD_RUNPATH_SEARCH_PATHS = "$(inherited) @executable_path/Frameworks @loader_path/Frameworks";
				PRODUCT_NAME = "$(TARGET_NAME)";
				TEST_HOST = "$(BUILT_PRODUCTS_DIR)/SunAndMoon.app/SunAndMoon";
			};
			name = Debug;
		};
		F6AAED751B0BAC9900D2E31E /* Release */ = {
			isa = XCBuildConfiguration;
			buildSettings = {
				BUNDLE_LOADER = "$(TEST_HOST)";
				FRAMEWORK_SEARCH_PATHS = (
					"$(SDKROOT)/Developer/Library/Frameworks",
					"$(inherited)",
				);
				INFOPLIST_FILE = SunAndMoonTests/Info.plist;
				LD_RUNPATH_SEARCH_PATHS = "$(inherited) @executable_path/Frameworks @loader_path/Frameworks";
				PRODUCT_NAME = "$(TARGET_NAME)";
				TEST_HOST = "$(BUILT_PRODUCTS_DIR)/SunAndMoon.app/SunAndMoon";
			};
			name = Release;
		};
/* End XCBuildConfiguration section */

/* Begin XCConfigurationList section */
		F6AAED481B0BAC9900D2E31E /* Build configuration list for PBXProject "SunAndMoon" */ = {
			isa = XCConfigurationList;
			buildConfigurations = (
				F6AAED6E1B0BAC9900D2E31E /* Debug */,
				F6AAED6F1B0BAC9900D2E31E /* Release */,
			);
			defaultConfigurationIsVisible = 0;
			defaultConfigurationName = Release;
		};
		F6AAED701B0BAC9900D2E31E /* Build configuration list for PBXNativeTarget "SunAndMoon" */ = {
			isa = XCConfigurationList;
			buildConfigurations = (
				F6AAED711B0BAC9900D2E31E /* Debug */,
				F6AAED721B0BAC9900D2E31E /* Release */,
			);
			defaultConfigurationIsVisible = 0;
		};
		F6AAED731B0BAC9900D2E31E /* Build configuration list for PBXNativeTarget "SunAndMoonTests" */ = {
			isa = XCConfigurationList;
			buildConfigurations = (
				F6AAED741B0BAC9900D2E31E /* Debug */,
				F6AAED751B0BAC9900D2E31E /* Release */,
			);
			defaultConfigurationIsVisible = 0;
		};
/* End XCConfigurationList section */
	};
	rootObject = F6AAED451B0BAC9900D2E31E /* Project object */;
}
